
Microsoft Visual Studio Solution File, Format Version 12.00
# Visual Studio Version 16
VisualStudioVersion = 16.0.31205.134
MinimumVisualStudioVersion = 10.0.40219.1
Project("{8BC9CEB8-8B4A-11D0-8D11-00A0C91BC942}") = "simpleRpg", "simpleRpg.vcxproj", "{C6EB000F-C77C-4A12-97B8-9FEA81C59E77}"
EndProject
Global
	GlobalSection(SolutionConfigurationPlatforms) = preSolution
		Debug|x64 = Debug|x64
		Debug|x86 = Debug|x86
		Release|x64 = Release|x64
		Release|x86 = Release|x86
	EndGlobalSection
	GlobalSection(ProjectConfigurationPlatforms) = postSolution
		{C6EB000F-C77C-4A12-97B8-9FEA81C59E77}.Debug|x64.ActiveCfg = Debug|x64
		{C6EB000F-C77C-4A12-97B8-9FEA81C59E77}.Debug|x64.Build.0 = Debug|x64
		{C6EB000F-C77C-4A12-97B8-9FEA81C59E77}.Debug|x86.ActiveCfg = Debug|Win32
		{C6EB000F-C77C-4A12-97B8-9FEA81C59E77}.Debug|x86.Build.0 = Debug|Win32
		{C6EB000F-C77C-4A12-97B8-9FEA81C59E77}.Release|x64.ActiveCfg = Release|x64
		{C6EB000F-C77C-4A12-97B8-9FEA81C59E77}.Release|x64.Build.0 = Release|x64
		{C6EB000F-C77C-4A12-97B8-9FEA81C59E77}.Release|x86.ActiveCfg = Release|Win32
		{C6EB000F-C77C-4A12-97B8-9FEA81C59E77}.Release|x86.Build.0 = Release|Win32
	EndGlobalSection
	GlobalSection(SolutionProperties) = preSolution
		HideSolutionNode = FALSE
	EndGlobalSection
	GlobalSection(ExtensibilityGlobals) = postSolution
		SolutionGuid = {C751B889-4908-4CF0-94EE-2D80DA8E6956}
	EndGlobalSection
EndGlobal
